{
  "requires": true,
  "lockfileVersion": 1,
  "dependencies": {
    "tinymce": {
      "version": "5.1.1",
      "resolved": "https://registry.npmjs.org/tinymce/-/tinymce-5.1.1.tgz",
      "integrity": "sha512-gdIt9kMNkQrDA0vm9mLcqnDBMMwDV6xsIaug0UzbRUnLpcOjR8JnE0P12GwrA/+9/p8IZiHcolGN9xAD/XxDzw=="
    }
  }
}
